
Microsoft Visual Studio Solution File, Format Version 12.00
# Visual Studio Express 2013 for Windows Desktop
VisualStudioVersion = 12.0.30110.0
MinimumVisualStudioVersion = 10.0.40219.1
Project("{FAE04EC0-301F-11D3-BF4B-00C04F79EFBC}") = "BitSharp.Client", "BitSharp.Client\BitSharp.Client.csproj", "{0EE7A0E7-573E-4CE7-B4C2-2BAAEE4E4E9F}"
EndProject
Project("{FAE04EC0-301F-11D3-BF4B-00C04F79EFBC}") = "BitSharp.Node", "BitSharp.Node\BitSharp.Node.csproj", "{B76235BF-6037-45B8-9341-957E6407F8E1}"
EndProject
Project("{FAE04EC0-301F-11D3-BF4B-00C04F79EFBC}") = "BitSharp.Node.Test", "BitSharp.Node.Test\BitSharp.Node.Test.csproj", "{14F4EA11-179A-4438-9F62-2589805A854C}"
EndProject
Project("{FAE04EC0-301F-11D3-BF4B-00C04F79EFBC}") = "BitSharp.Common", "BitSharp.Common\BitSharp.Common.csproj", "{B8D21DEC-5370-4194-9E6D-2F620804A892}"
EndProject
Project("{FAE04EC0-301F-11D3-BF4B-00C04F79EFBC}") = "BitSharp.Common.Test", "BitSharp.Common.Test\BitSharp.Common.Test.csproj", "{299D32ED-61A5-4C8D-8AE1-8F502CFA6B99}"
EndProject
Project("{FAE04EC0-301F-11D3-BF4B-00C04F79EFBC}") = "BitSharp.BlockHelper", "BitSharp.BlockHelper\BitSharp.BlockHelper.csproj", "{017C5F91-CCE6-4BFC-88F4-9369F68F3E24}"
EndProject
Project("{FAE04EC0-301F-11D3-BF4B-00C04F79EFBC}") = "BitSharp.Client.Test", "BitSharp.Client.Test\BitSharp.Client.Test.csproj", "{D58EB98F-C181-4D36-9545-A6D4DD9F8DE3}"
EndProject
Project("{FAE04EC0-301F-11D3-BF4B-00C04F79EFBC}") = "BitSharp.Esent", "BitSharp.Esent\BitSharp.Esent.csproj", "{6D4D2210-A54F-41F0-BCA4-727B7DDB27C2}"
EndProject
Project("{FAE04EC0-301F-11D3-BF4B-00C04F79EFBC}") = "BitSharp.Core", "BitSharp.Core\BitSharp.Core.csproj", "{2ECFA6C0-46B6-4587-A662-3F61C7EFBC44}"
EndProject
Project("{FAE04EC0-301F-11D3-BF4B-00C04F79EFBC}") = "BitSharp.Core.Test", "BitSharp.Core.Test\BitSharp.Core.Test.csproj", "{91E24B6F-6864-49F4-B6D7-2AD25D514CB6}"
EndProject
Project("{FAE04EC0-301F-11D3-BF4B-00C04F79EFBC}") = "BitSharp.Esent.Test", "BitSharp.Esent.Test\BitSharp.Esent.Test.csproj", "{B016A5BB-B387-4A0D-8DBA-6F670F25235F}"
EndProject
Project("{FAE04EC0-301F-11D3-BF4B-00C04F79EFBC}") = "BitSharp.Wallet", "BitSharp.Wallet\BitSharp.Wallet.csproj", "{102F8BF7-B34C-47DE-ADA1-175266D7FBBD}"
EndProject
Project("{FAE04EC0-301F-11D3-BF4B-00C04F79EFBC}") = "BitSharp.Wallet.Test", "BitSharp.Wallet.Test\BitSharp.Wallet.Test.csproj", "{4EE38933-1B70-4CE9-B412-F8C904CF4C32}"
EndProject
Global
	GlobalSection(SolutionConfigurationPlatforms) = preSolution
		Debug|Any CPU = Debug|Any CPU
		Debug|x64 = Debug|x64
		Release|Any CPU = Release|Any CPU
		Release|x64 = Release|x64
	EndGlobalSection
	GlobalSection(ProjectConfigurationPlatforms) = postSolution
		{0EE7A0E7-573E-4CE7-B4C2-2BAAEE4E4E9F}.Debug|Any CPU.ActiveCfg = Debug|Any CPU
		{0EE7A0E7-573E-4CE7-B4C2-2BAAEE4E4E9F}.Debug|Any CPU.Build.0 = Debug|Any CPU
		{0EE7A0E7-573E-4CE7-B4C2-2BAAEE4E4E9F}.Debug|x64.ActiveCfg = Debug|x64
		{0EE7A0E7-573E-4CE7-B4C2-2BAAEE4E4E9F}.Debug|x64.Build.0 = Debug|x64
		{0EE7A0E7-573E-4CE7-B4C2-2BAAEE4E4E9F}.Release|Any CPU.ActiveCfg = Release|Any CPU
		{0EE7A0E7-573E-4CE7-B4C2-2BAAEE4E4E9F}.Release|Any CPU.Build.0 = Release|Any CPU
		{0EE7A0E7-573E-4CE7-B4C2-2BAAEE4E4E9F}.Release|x64.ActiveCfg = Release|x64
		{0EE7A0E7-573E-4CE7-B4C2-2BAAEE4E4E9F}.Release|x64.Build.0 = Release|x64
		{B76235BF-6037-45B8-9341-957E6407F8E1}.Debug|Any CPU.ActiveCfg = Debug|Any CPU
		{B76235BF-6037-45B8-9341-957E6407F8E1}.Debug|Any CPU.Build.0 = Debug|Any CPU
		{B76235BF-6037-45B8-9341-957E6407F8E1}.Debug|x64.ActiveCfg = Debug|x64
		{B76235BF-6037-45B8-9341-957E6407F8E1}.Debug|x64.Build.0 = Debug|x64
		{B76235BF-6037-45B8-9341-957E6407F8E1}.Release|Any CPU.ActiveCfg = Release|Any CPU
		{B76235BF-6037-45B8-9341-957E6407F8E1}.Release|Any CPU.Build.0 = Release|Any CPU
		{B76235BF-6037-45B8-9341-957E6407F8E1}.Release|x64.ActiveCfg = Release|x64
		{B76235BF-6037-45B8-9341-957E6407F8E1}.Release|x64.Build.0 = Release|x64
		{14F4EA11-179A-4438-9F62-2589805A854C}.Debug|Any CPU.ActiveCfg = Debug|Any CPU
		{14F4EA11-179A-4438-9F62-2589805A854C}.Debug|Any CPU.Build.0 = Debug|Any CPU
		{14F4EA11-179A-4438-9F62-2589805A854C}.Debug|x64.ActiveCfg = Debug|x64
		{14F4EA11-179A-4438-9F62-2589805A854C}.Debug|x64.Build.0 = Debug|x64
		{14F4EA11-179A-4438-9F62-2589805A854C}.Release|Any CPU.ActiveCfg = Release|Any CPU
		{14F4EA11-179A-4438-9F62-2589805A854C}.Release|Any CPU.Build.0 = Release|Any CPU
		{14F4EA11-179A-4438-9F62-2589805A854C}.Release|x64.ActiveCfg = Release|x64
		{14F4EA11-179A-4438-9F62-2589805A854C}.Release|x64.Build.0 = Release|x64
		{B8D21DEC-5370-4194-9E6D-2F620804A892}.Debug|Any CPU.ActiveCfg = Debug|Any CPU
		{B8D21DEC-5370-4194-9E6D-2F620804A892}.Debug|Any CPU.Build.0 = Debug|Any CPU
		{B8D21DEC-5370-4194-9E6D-2F620804A892}.Debug|x64.ActiveCfg = Debug|x64
		{B8D21DEC-5370-4194-9E6D-2F620804A892}.Debug|x64.Build.0 = Debug|x64
		{B8D21DEC-5370-4194-9E6D-2F620804A892}.Release|Any CPU.ActiveCfg = Release|Any CPU
		{B8D21DEC-5370-4194-9E6D-2F620804A892}.Release|Any CPU.Build.0 = Release|Any CPU
		{B8D21DEC-5370-4194-9E6D-2F620804A892}.Release|x64.ActiveCfg = Release|x64
		{B8D21DEC-5370-4194-9E6D-2F620804A892}.Release|x64.Build.0 = Release|x64
		{299D32ED-61A5-4C8D-8AE1-8F502CFA6B99}.Debug|Any CPU.ActiveCfg = Debug|Any CPU
		{299D32ED-61A5-4C8D-8AE1-8F502CFA6B99}.Debug|Any CPU.Build.0 = Debug|Any CPU
		{299D32ED-61A5-4C8D-8AE1-8F502CFA6B99}.Debug|x64.ActiveCfg = Debug|x64
		{299D32ED-61A5-4C8D-8AE1-8F502CFA6B99}.Debug|x64.Build.0 = Debug|x64
		{299D32ED-61A5-4C8D-8AE1-8F502CFA6B99}.Release|Any CPU.ActiveCfg = Release|Any CPU
		{299D32ED-61A5-4C8D-8AE1-8F502CFA6B99}.Release|Any CPU.Build.0 = Release|Any CPU
		{299D32ED-61A5-4C8D-8AE1-8F502CFA6B99}.Release|x64.ActiveCfg = Release|x64
		{299D32ED-61A5-4C8D-8AE1-8F502CFA6B99}.Release|x64.Build.0 = Release|x64
		{017C5F91-CCE6-4BFC-88F4-9369F68F3E24}.Debug|Any CPU.ActiveCfg = Debug|Any CPU
		{017C5F91-CCE6-4BFC-88F4-9369F68F3E24}.Debug|Any CPU.Build.0 = Debug|Any CPU
		{017C5F91-CCE6-4BFC-88F4-9369F68F3E24}.Debug|x64.ActiveCfg = Debug|x64
		{017C5F91-CCE6-4BFC-88F4-9369F68F3E24}.Debug|x64.Build.0 = Debug|x64
		{017C5F91-CCE6-4BFC-88F4-9369F68F3E24}.Release|Any CPU.ActiveCfg = Release|Any CPU
		{017C5F91-CCE6-4BFC-88F4-9369F68F3E24}.Release|Any CPU.Build.0 = Release|Any CPU
		{017C5F91-CCE6-4BFC-88F4-9369F68F3E24}.Release|x64.ActiveCfg = Release|x64
		{017C5F91-CCE6-4BFC-88F4-9369F68F3E24}.Release|x64.Build.0 = Release|x64
		{D58EB98F-C181-4D36-9545-A6D4DD9F8DE3}.Debug|Any CPU.ActiveCfg = Debug|Any CPU
		{D58EB98F-C181-4D36-9545-A6D4DD9F8DE3}.Debug|Any CPU.Build.0 = Debug|Any CPU
		{D58EB98F-C181-4D36-9545-A6D4DD9F8DE3}.Debug|x64.ActiveCfg = Debug|x64
		{D58EB98F-C181-4D36-9545-A6D4DD9F8DE3}.Debug|x64.Build.0 = Debug|x64
		{D58EB98F-C181-4D36-9545-A6D4DD9F8DE3}.Release|Any CPU.ActiveCfg = Release|Any CPU
		{D58EB98F-C181-4D36-9545-A6D4DD9F8DE3}.Release|Any CPU.Build.0 = Release|Any CPU
		{D58EB98F-C181-4D36-9545-A6D4DD9F8DE3}.Release|x64.ActiveCfg = Release|x64
		{D58EB98F-C181-4D36-9545-A6D4DD9F8DE3}.Release|x64.Build.0 = Release|x64
		{6D4D2210-A54F-41F0-BCA4-727B7DDB27C2}.Debug|Any CPU.ActiveCfg = Debug|Any CPU
		{6D4D2210-A54F-41F0-BCA4-727B7DDB27C2}.Debug|Any CPU.Build.0 = Debug|Any CPU
		{6D4D2210-A54F-41F0-BCA4-727B7DDB27C2}.Debug|x64.ActiveCfg = Debug|x64
		{6D4D2210-A54F-41F0-BCA4-727B7DDB27C2}.Debug|x64.Build.0 = Debug|x64
		{6D4D2210-A54F-41F0-BCA4-727B7DDB27C2}.Release|Any CPU.ActiveCfg = Release|Any CPU
		{6D4D2210-A54F-41F0-BCA4-727B7DDB27C2}.Release|Any CPU.Build.0 = Release|Any CPU
		{6D4D2210-A54F-41F0-BCA4-727B7DDB27C2}.Release|x64.ActiveCfg = Release|x64
		{6D4D2210-A54F-41F0-BCA4-727B7DDB27C2}.Release|x64.Build.0 = Release|x64
		{2ECFA6C0-46B6-4587-A662-3F61C7EFBC44}.Debug|Any CPU.ActiveCfg = Debug|Any CPU
		{2ECFA6C0-46B6-4587-A662-3F61C7EFBC44}.Debug|Any CPU.Build.0 = Debug|Any CPU
		{2ECFA6C0-46B6-4587-A662-3F61C7EFBC44}.Debug|x64.ActiveCfg = Debug|x64
		{2ECFA6C0-46B6-4587-A662-3F61C7EFBC44}.Debug|x64.Build.0 = Debug|x64
		{2ECFA6C0-46B6-4587-A662-3F61C7EFBC44}.Release|Any CPU.ActiveCfg = Release|Any CPU
		{2ECFA6C0-46B6-4587-A662-3F61C7EFBC44}.Release|Any CPU.Build.0 = Release|Any CPU
		{2ECFA6C0-46B6-4587-A662-3F61C7EFBC44}.Release|x64.ActiveCfg = Release|x64
		{2ECFA6C0-46B6-4587-A662-3F61C7EFBC44}.Release|x64.Build.0 = Release|x64
		{91E24B6F-6864-49F4-B6D7-2AD25D514CB6}.Debug|Any CPU.ActiveCfg = Debug|Any CPU
		{91E24B6F-6864-49F4-B6D7-2AD25D514CB6}.Debug|Any CPU.Build.0 = Debug|Any CPU
		{91E24B6F-6864-49F4-B6D7-2AD25D514CB6}.Debug|x64.ActiveCfg = Debug|x64
		{91E24B6F-6864-49F4-B6D7-2AD25D514CB6}.Debug|x64.Build.0 = Debug|x64
		{91E24B6F-6864-49F4-B6D7-2AD25D514CB6}.Release|Any CPU.ActiveCfg = Release|Any CPU
		{91E24B6F-6864-49F4-B6D7-2AD25D514CB6}.Release|Any CPU.Build.0 = Release|Any CPU
		{91E24B6F-6864-49F4-B6D7-2AD25D514CB6}.Release|x64.ActiveCfg = Release|x64
		{91E24B6F-6864-49F4-B6D7-2AD25D514CB6}.Release|x64.Build.0 = Release|x64
		{B016A5BB-B387-4A0D-8DBA-6F670F25235F}.Debug|Any CPU.ActiveCfg = Debug|Any CPU
		{B016A5BB-B387-4A0D-8DBA-6F670F25235F}.Debug|Any CPU.Build.0 = Debug|Any CPU
		{B016A5BB-B387-4A0D-8DBA-6F670F25235F}.Debug|x64.ActiveCfg = Debug|x64
		{B016A5BB-B387-4A0D-8DBA-6F670F25235F}.Debug|x64.Build.0 = Debug|x64
		{B016A5BB-B387-4A0D-8DBA-6F670F25235F}.Release|Any CPU.ActiveCfg = Release|Any CPU
		{B016A5BB-B387-4A0D-8DBA-6F670F25235F}.Release|Any CPU.Build.0 = Release|Any CPU
		{B016A5BB-B387-4A0D-8DBA-6F670F25235F}.Release|x64.ActiveCfg = Release|x64
		{B016A5BB-B387-4A0D-8DBA-6F670F25235F}.Release|x64.Build.0 = Release|x64
		{102F8BF7-B34C-47DE-ADA1-175266D7FBBD}.Debug|Any CPU.ActiveCfg = Debug|Any CPU
		{102F8BF7-B34C-47DE-ADA1-175266D7FBBD}.Debug|Any CPU.Build.0 = Debug|Any CPU
		{102F8BF7-B34C-47DE-ADA1-175266D7FBBD}.Debug|x64.ActiveCfg = Debug|x64
		{102F8BF7-B34C-47DE-ADA1-175266D7FBBD}.Debug|x64.Build.0 = Debug|x64
		{102F8BF7-B34C-47DE-ADA1-175266D7FBBD}.Release|Any CPU.ActiveCfg = Release|Any CPU
		{102F8BF7-B34C-47DE-ADA1-175266D7FBBD}.Release|Any CPU.Build.0 = Release|Any CPU
		{102F8BF7-B34C-47DE-ADA1-175266D7FBBD}.Release|x64.ActiveCfg = Release|x64
		{102F8BF7-B34C-47DE-ADA1-175266D7FBBD}.Release|x64.Build.0 = Release|x64
		{4EE38933-1B70-4CE9-B412-F8C904CF4C32}.Debug|Any CPU.ActiveCfg = Debug|Any CPU
		{4EE38933-1B70-4CE9-B412-F8C904CF4C32}.Debug|Any CPU.Build.0 = Debug|Any CPU
		{4EE38933-1B70-4CE9-B412-F8C904CF4C32}.Debug|x64.ActiveCfg = Debug|x64
		{4EE38933-1B70-4CE9-B412-F8C904CF4C32}.Debug|x64.Build.0 = Debug|x64
		{4EE38933-1B70-4CE9-B412-F8C904CF4C32}.Release|Any CPU.ActiveCfg = Release|Any CPU
		{4EE38933-1B70-4CE9-B412-F8C904CF4C32}.Release|Any CPU.Build.0 = Release|Any CPU
		{4EE38933-1B70-4CE9-B412-F8C904CF4C32}.Release|x64.ActiveCfg = Release|x64
		{4EE38933-1B70-4CE9-B412-F8C904CF4C32}.Release|x64.Build.0 = Release|x64
	EndGlobalSection
	GlobalSection(SolutionProperties) = preSolution
		HideSolutionNode = FALSE
	EndGlobalSection
EndGlobal
